# generated by rye
# use `rye lock` or `rye sync` to update this lockfile
#
# last locked with the following flags:
#   pre: false
#   features: []
#   all-features: false
#   with-sources: false

-e file:.
accelerate==0.26.1
    # via peft
    # via trl
    # via yokhal
aiohttp==3.9.3
    # via datasets
    # via fsspec
aiosignal==1.3.1
    # via aiohttp
async-timeout==4.0.3
    # via aiohttp
attrs==23.2.0
    # via aiohttp
bitsandbytes==0.42.0
    # via yokhal
certifi==2024.2.2
    # via requests
charset-normalizer==3.3.2
    # via requests
colorama==0.4.6
    # via tqdm
    # via tyro
datasets==2.16.1
    # via evaluate
    # via trl
    # via yokhal
dill==0.3.7
    # via datasets
    # via evaluate
    # via multiprocess
docstring-parser==0.15
    # via tyro
evaluate==0.4.1
    # via yokhal
filelock==3.13.1
    # via datasets
    # via huggingface-hub
    # via torch
    # via transformers
fire==0.5.0
    # via yokhal
frozenlist==1.4.1
    # via aiohttp
    # via aiosignal
fsspec==2023.10.0
    # via datasets
    # via evaluate
    # via fsspec
    # via huggingface-hub
    # via torch
huggingface-hub==0.21.4
    # via accelerate
    # via datasets
    # via evaluate
    # via peft
    # via tokenizers
    # via transformers
idna==3.6
    # via requests
    # via yarl
jinja2==3.1.3
    # via torch
markdown-it-py==3.0.0
    # via rich
markupsafe==2.1.5
    # via jinja2
mdurl==0.1.2
    # via markdown-it-py
mpmath==1.3.0
    # via sympy
multidict==6.0.5
    # via aiohttp
    # via yarl
multiprocess==0.70.15
    # via datasets
    # via evaluate
networkx==3.2.1
    # via torch
numpy==1.26.4
    # via accelerate
    # via datasets
    # via evaluate
    # via pandas
    # via peft
    # via pyarrow
    # via scipy
    # via transformers
    # via trl
packaging==23.2
    # via accelerate
    # via datasets
    # via evaluate
    # via huggingface-hub
    # via peft
    # via transformers
pandas==2.2.1
    # via datasets
    # via evaluate
peft==0.9.0
    # via yokhal
psutil==5.9.8
    # via accelerate
    # via peft
pyarrow==15.0.1
    # via datasets
pyarrow-hotfix==0.6
    # via datasets
pygments==2.17.2
    # via rich
python-dateutil==2.9.0.post0
    # via pandas
pytz==2024.1
    # via pandas
pyyaml==6.0.1
    # via accelerate
    # via datasets
    # via huggingface-hub
    # via peft
    # via transformers
regex==2023.12.25
    # via transformers
requests==2.31.0
    # via datasets
    # via evaluate
    # via fsspec
    # via huggingface-hub
    # via responses
    # via transformers
responses==0.18.0
    # via evaluate
rich==13.7.1
    # via tyro
safetensors==0.4.2
    # via accelerate
    # via peft
    # via transformers
scipy==1.12.0
    # via bitsandbytes
shtab==1.7.1
    # via tyro
six==1.16.0
    # via fire
    # via python-dateutil
sympy==1.12
    # via torch
termcolor==2.4.0
    # via fire
tokenizers==0.15.2
    # via transformers
torch==2.2.1
    # via accelerate
    # via peft
    # via trl
    # via yokhal
tqdm==4.66.2
    # via datasets
    # via evaluate
    # via huggingface-hub
    # via peft
    # via transformers
transformers==4.38.2
    # via peft
    # via trl
    # via yokhal
trl==0.7.11
    # via yokhal
typing-extensions==4.10.0
    # via huggingface-hub
    # via torch
    # via tyro
tyro==0.7.3
    # via trl
tzdata==2024.1
    # via pandas
urllib3==2.2.1
    # via requests
    # via responses
xxhash==3.4.1
    # via datasets
    # via evaluate
yarl==1.9.4
    # via aiohttp
